// !$*UTF8*$!
{
	archiveVersion = 1;
	classes = {
	};
	objectVersion = 50;
	objects = {

/* Begin PBXBuildFile section */
		6FBF908726F6501300024DE6 /* swiftUI_015_LandmarksApp.swift in Sources */ = {isa = PBXBuildFile; fileRef = 6FBF908626F6501300024DE6 /* swiftUI_015_LandmarksApp.swift */; };
		6FBF908926F6501300024DE6 /* ContentView.swift in Sources */ = {isa = PBXBuildFile; fileRef = 6FBF908826F6501300024DE6 /* ContentView.swift */; };
		6FBF908B26F6501500024DE6 /* Assets.xcassets in Resources */ = {isa = PBXBuildFile; fileRef = 6FBF908A26F6501500024DE6 /* Assets.xcassets */; };
		6FBF908E26F6501500024DE6 /* Preview Assets.xcassets in Resources */ = {isa = PBXBuildFile; fileRef = 6FBF908D26F6501500024DE6 /* Preview Assets.xcassets */; };
		6FBF909726F65B9800024DE6 /* CircleImage.swift in Sources */ = {isa = PBXBuildFile; fileRef = 6FBF909626F65B9800024DE6 /* CircleImage.swift */; };
		6FEE268B26F69E8700B42BA5 /* MapView.swift in Sources */ = {isa = PBXBuildFile; fileRef = 6FEE268A26F69E8700B42BA5 /* MapView.swift */; };
		6FEF408726F6B69E00E7D53C /* landmarkData.json in Resources */ = {isa = PBXBuildFile; fileRef = 6FEF408626F6B69E00E7D53C /* landmarkData.json */; };
		6FEF408A26F6B71900E7D53C /* Landmark.swift in Sources */ = {isa = PBXBuildFile; fileRef = 6FEF408926F6B71900E7D53C /* Landmark.swift */; };
		6FEF408C26F6BA2300E7D53C /* ModelData.swift in Sources */ = {isa = PBXBuildFile; fileRef = 6FEF408B26F6BA2300E7D53C /* ModelData.swift */; };
		6FEF409026F6BD5000E7D53C /* LandmarkRow.swift in Sources */ = {isa = PBXBuildFile; fileRef = 6FEF408F26F6BD5000E7D53C /* LandmarkRow.swift */; };
		6FEF409326F6C83300E7D53C /* LandmarkList.swift in Sources */ = {isa = PBXBuildFile; fileRef = 6FEF409226F6C83300E7D53C /* LandmarkList.swift */; };
/* End PBXBuildFile section */

/* Begin PBXFileReference section */
		6FBF908326F6501300024DE6 /* swiftUI-015-Landmarks.app */ = {isa = PBXFileReference; explicitFileType = wrapper.application; includeInIndex = 0; path = "swiftUI-015-Landmarks.app"; sourceTree = BUILT_PRODUCTS_DIR; };
		6FBF908626F6501300024DE6 /* swiftUI_015_LandmarksApp.swift */ = {isa = PBXFileReference; lastKnownFileType = sourcecode.swift; path = swiftUI_015_LandmarksApp.swift; sourceTree = "<group>"; };
		6FBF908826F6501300024DE6 /* ContentView.swift */ = {isa = PBXFileReference; lastKnownFileType = sourcecode.swift; path = ContentView.swift; sourceTree = "<group>"; };
		6FBF908A26F6501500024DE6 /* Assets.xcassets */ = {isa = PBXFileReference; lastKnownFileType = folder.assetcatalog; path = Assets.xcassets; sourceTree = "<group>"; };
		6FBF908D26F6501500024DE6 /* Preview Assets.xcassets */ = {isa = PBXFileReference; lastKnownFileType = folder.assetcatalog; path = "Preview Assets.xcassets"; sourceTree = "<group>"; };
		6FBF908F26F6501500024DE6 /* Info.plist */ = {isa = PBXFileReference; lastKnownFileType = text.plist.xml; path = Info.plist; sourceTree = "<group>"; };
		6FBF909526F6510A00024DE6 /* README.md */ = {isa = PBXFileReference; lastKnownFileType = net.daringfireball.markdown; path = README.md; sourceTree = "<group>"; };
		6FBF909626F65B9800024DE6 /* CircleImage.swift */ = {isa = PBXFileReference; lastKnownFileType = sourcecode.swift; path = CircleImage.swift; sourceTree = "<group>"; };
		6FEE268A26F69E8700B42BA5 /* MapView.swift */ = {isa = PBXFileReference; lastKnownFileType = sourcecode.swift; path = MapView.swift; sourceTree = "<group>"; };
		6FEF408626F6B69E00E7D53C /* landmarkData.json */ = {isa = PBXFileReference; fileEncoding = 4; lastKnownFileType = text.json; name = landmarkData.json; path = BuildingListsAndNavigation/Complete/Landmarks/Resources/landmarkData.json; sourceTree = SOURCE_ROOT; };
		6FEF408926F6B71900E7D53C /* Landmark.swift */ = {isa = PBXFileReference; lastKnownFileType = sourcecode.swift; path = Landmark.swift; sourceTree = "<group>"; };
		6FEF408B26F6BA2300E7D53C /* ModelData.swift */ = {isa = PBXFileReference; lastKnownFileType = sourcecode.swift; path = ModelData.swift; sourceTree = "<group>"; };
		6FEF408F26F6BD5000E7D53C /* LandmarkRow.swift */ = {isa = PBXFileReference; lastKnownFileType = sourcecode.swift; path = LandmarkRow.swift; sourceTree = SOURCE_ROOT; };
		6FEF409226F6C83300E7D53C /* LandmarkList.swift */ = {isa = PBXFileReference; lastKnownFileType = sourcecode.swift; path = LandmarkList.swift; sourceTree = "<group>"; };
/* End PBXFileReference section */

/* Begin PBXFrameworksBuildPhase section */
		6FBF908026F6501300024DE6 /* Frameworks */ = {
			isa = PBXFrameworksBuildPhase;
			buildActionMask = 2147483647;
			files = (
			);
			runOnlyForDeploymentPostprocessing = 0;
		};
/* End PBXFrameworksBuildPhase section */

/* Begin PBXGroup section */
		6FBF907A26F6501300024DE6 = {
			isa = PBXGroup;
			children = (
				6FBF909526F6510A00024DE6 /* README.md */,
				6FBF908526F6501300024DE6 /* swiftUI-015-Landmarks */,
				6FBF908426F6501300024DE6 /* Products */,
			);
			sourceTree = "<group>";
		};
		6FBF908426F6501300024DE6 /* Products */ = {
			isa = PBXGroup;
			children = (
				6FBF908326F6501300024DE6 /* swiftUI-015-Landmarks.app */,
			);
			name = Products;
			sourceTree = "<group>";
		};
		6FBF908526F6501300024DE6 /* swiftUI-015-Landmarks */ = {
			isa = PBXGroup;
			children = (
				6FEF408826F6B70C00E7D53C /* Model */,
				6FEF408E26F6BB9000E7D53C /* Views */,
				6FEF408526F6B68000E7D53C /* Resources */,
				6FBF908626F6501300024DE6 /* swiftUI_015_LandmarksApp.swift */,
				6FBF908A26F6501500024DE6 /* Assets.xcassets */,
				6FBF908F26F6501500024DE6 /* Info.plist */,
				6FBF908C26F6501500024DE6 /* Preview Content */,
			);
			path = "swiftUI-015-Landmarks";
			sourceTree = "<group>";
		};
		6FBF908C26F6501500024DE6 /* Preview Content */ = {
			isa = PBXGroup;
			children = (
				6FBF908D26F6501500024DE6 /* Preview Assets.xcassets */,
			);
			path = "Preview Content";
			sourceTree = "<group>";
		};
		6FEF408526F6B68000E7D53C /* Resources */ = {
			isa = PBXGroup;
			children = (
				6FEF408626F6B69E00E7D53C /* landmarkData.json */,
			);
			path = Resources;
			sourceTree = "<group>";
		};
		6FEF408826F6B70C00E7D53C /* Model */ = {
			isa = PBXGroup;
			children = (
				6FEF408926F6B71900E7D53C /* Landmark.swift */,
				6FEF408B26F6BA2300E7D53C /* ModelData.swift */,
			);
			path = Model;
			sourceTree = "<group>";
		};
		6FEF408E26F6BB9000E7D53C /* Views */ = {
			isa = PBXGroup;
			children = (
				6FEF408F26F6BD5000E7D53C /* LandmarkRow.swift */,
				6FBF908826F6501300024DE6 /* ContentView.swift */,
				6FBF909626F65B9800024DE6 /* CircleImage.swift */,
				6FEE268A26F69E8700B42BA5 /* MapView.swift */,
				6FEF409226F6C83300E7D53C /* LandmarkList.swift */,
			);
			path = Views;
			sourceTree = "<group>";
		};
/* End PBXGroup section */

/* Begin PBXNativeTarget section */
		6FBF908226F6501300024DE6 /* swiftUI-015-Landmarks */ = {
			isa = PBXNativeTarget;
			buildConfigurationList = 6FBF909226F6501500024DE6 /* Build configuration list for PBXNativeTarget "swiftUI-015-Landmarks" */;
			buildPhases = (
				6FBF907F26F6501300024DE6 /* Sources */,
				6FBF908026F6501300024DE6 /* Frameworks */,
				6FBF908126F6501300024DE6 /* Resources */,
			);
			buildRules = (
			);
			dependencies = (
			);
			name = "swiftUI-015-Landmarks";
			productName = "swiftUI-015-Landmarks";
			productReference = 6FBF908326F6501300024DE6 /* swiftUI-015-Landmarks.app */;
			productType = "com.apple.product-type.application";
		};
/* End PBXNativeTarget section */

/* Begin PBXProject section */
		6FBF907B26F6501300024DE6 /* Project object */ = {
			isa = PBXProject;
			attributes = {
				LastSwiftUpdateCheck = 1250;
				LastUpgradeCheck = 1250;
				TargetAttributes = {
					6FBF908226F6501300024DE6 = {
						CreatedOnToolsVersion = 12.5.1;
					};
				};
			};
			buildConfigurationList = 6FBF907E26F6501300024DE6 /* Build configuration list for PBXProject "swiftUI-015-Landmarks" */;
			compatibilityVersion = "Xcode 9.3";
			developmentRegion = en;
			hasScannedForEncodings = 0;
			knownRegions = (
				en,
				Base,
			);
			mainGroup = 6FBF907A26F6501300024DE6;
			productRefGroup = 6FBF908426F6501300024DE6 /* Products */;
			projectDirPath = "";
			projectRoot = "";
			targets = (
				6FBF908226F6501300024DE6 /* swiftUI-015-Landmarks */,
			);
		};
/* End PBXProject section */

/* Begin PBXResourcesBuildPhase section */
		6FBF908126F6501300024DE6 /* Resources */ = {
			isa = PBXResourcesBuildPhase;
			buildActionMask = 2147483647;
			files = (
				6FBF908E26F6501500024DE6 /* Preview Assets.xcassets in Resources */,
				6FBF908B26F6501500024DE6 /* Assets.xcassets in Resources */,
				6FEF408726F6B69E00E7D53C /* landmarkData.json in Resources */,
			);
			runOnlyForDeploymentPostprocessing = 0;
		};
/* End PBXResourcesBuildPhase section */

/* Begin PBXSourcesBuildPhase section */
		6FBF907F26F6501300024DE6 /* Sources */ = {
			isa = PBXSourcesBuildPhase;
			buildActionMask = 2147483647;
			files = (
				6FBF908926F6501300024DE6 /* ContentView.swift in Sources */,
				6FEE268B26F69E8700B42BA5 /* MapView.swift in Sources */,
				6FBF908726F6501300024DE6 /* swiftUI_015_LandmarksApp.swift in Sources */,
				6FEF409326F6C83300E7D53C /* LandmarkList.swift in Sources */,
				6FBF909726F65B9800024DE6 /* CircleImage.swift in Sources */,
				6FEF408A26F6B71900E7D53C /* Landmark.swift in Sources */,
				6FEF409026F6BD5000E7D53C /* LandmarkRow.swift in Sources */,
				6FEF408C26F6BA2300E7D53C /* ModelData.swift in Sources */,
			);
			runOnlyForDeploymentPostprocessing = 0;
		};
/* End PBXSourcesBuildPhase section */

/* Begin XCBuildConfiguration section */
		6FBF909026F6501500024DE6 /* Debug */ = {
			isa = XCBuildConfiguration;
			buildSettings = {
				ALWAYS_SEARCH_USER_PATHS = NO;
				CLANG_ANALYZER_NONNULL = YES;
				CLANG_ANALYZER_NUMBER_OBJECT_CONVERSION = YES_AGGRESSIVE;
				CLANG_CXX_LANGUAGE_STANDARD = "gnu++14";
				CLANG_CXX_LIBRARY = "libc++";
				CLANG_ENABLE_MODULES = YES;
				CLANG_ENABLE_OBJC_ARC = YES;
				CLANG_ENABLE_OBJC_WEAK = YES;
				CLANG_WARN_BLOCK_CAPTURE_AUTORELEASING = YES;
				CLANG_WARN_BOOL_CONVERSION = YES;
				CLANG_WARN_COMMA = YES;
				CLANG_WARN_CONSTANT_CONVERSION = YES;
				CLANG_WARN_DEPRECATED_OBJC_IMPLEMENTATIONS = YES;
				CLANG_WARN_DIRECT_OBJC_ISA_USAGE = YES_ERROR;
				CLANG_WARN_DOCUMENTATION_COMMENTS = YES;
				CLANG_WARN_EMPTY_BODY = YES;
				CLANG_WARN_ENUM_CONVERSION = YES;
				CLANG_WARN_INFINITE_RECURSION = YES;
				CLANG_WARN_INT_CONVERSION = YES;
				CLANG_WARN_NON_LITERAL_NULL_CONVERSION = YES;
				CLANG_WARN_OBJC_IMPLICIT_RETAIN_SELF = YES;
				CLANG_WARN_OBJC_LITERAL_CONVERSION = YES;
				CLANG_WARN_OBJC_ROOT_CLASS = YES_ERROR;
				CLANG_WARN_QUOTED_INCLUDE_IN_FRAMEWORK_HEADER = YES;
				CLANG_WARN_RANGE_LOOP_ANALYSIS = YES;
				CLANG_WARN_STRICT_PROTOTYPES = YES;
				CLANG_WARN_SUSPICIOUS_MOVE = YES;
				CLANG_WARN_UNGUARDED_AVAILABILITY = YES_AGGRESSIVE;
				CLANG_WARN_UNREACHABLE_CODE = YES;
				CLANG_WARN__DUPLICATE_METHOD_MATCH = YES;
				COPY_PHASE_STRIP = NO;
				DEBUG_INFORMATION_FORMAT = dwarf;
				ENABLE_STRICT_OBJC_MSGSEND = YES;
				ENABLE_TESTABILITY = YES;
				GCC_C_LANGUAGE_STANDARD = gnu11;
				GCC_DYNAMIC_NO_PIC = NO;
				GCC_NO_COMMON_BLOCKS = YES;
				GCC_OPTIMIZATION_LEVEL = 0;
				GCC_PREPROCESSOR_DEFINITIONS = (
					"DEBUG=1",
					"$(inherited)",
				);
				GCC_WARN_64_TO_32_BIT_CONVERSION = YES;
				GCC_WARN_ABOUT_RETURN_TYPE = YES_ERROR;
				GCC_WARN_UNDECLARED_SELECTOR = YES;
				GCC_WARN_UNINITIALIZED_AUTOS = YES_AGGRESSIVE;
				GCC_WARN_UNUSED_FUNCTION = YES;
				GCC_WARN_UNUSED_VARIABLE = YES;
				IPHONEOS_DEPLOYMENT_TARGET = 14.5;
				MTL_ENABLE_DEBUG_INFO = INCLUDE_SOURCE;
				MTL_FAST_MATH = YES;
				ONLY_ACTIVE_ARCH = YES;
				SDKROOT = iphoneos;
				SWIFT_ACTIVE_COMPILATION_CONDITIONS = DEBUG;
				SWIFT_OPTIMIZATION_LEVEL = "-Onone";
			};
			name = Debug;
		};
		6FBF909126F6501500024DE6 /* Release */ = {
			isa = XCBuildConfiguration;
			buildSettings = {
				ALWAYS_SEARCH_USER_PATHS = NO;
				CLANG_ANALYZER_NONNULL = YES;
				CLANG_ANALYZER_NUMBER_OBJECT_CONVERSION = YES_AGGRESSIVE;
				CLANG_CXX_LANGUAGE_STANDARD = "gnu++14";
				CLANG_CXX_LIBRARY = "libc++";
				CLANG_ENABLE_MODULES = YES;
				CLANG_ENABLE_OBJC_ARC = YES;
				CLANG_ENABLE_OBJC_WEAK = YES;
				CLANG_WARN_BLOCK_CAPTURE_AUTORELEASING = YES;
				CLANG_WARN_BOOL_CONVERSION = YES;
				CLANG_WARN_COMMA = YES;
				CLANG_WARN_CONSTANT_CONVERSION = YES;
				CLANG_WARN_DEPRECATED_OBJC_IMPLEMENTATIONS = YES;
				CLANG_WARN_DIRECT_OBJC_ISA_USAGE = YES_ERROR;
				CLANG_WARN_DOCUMENTATION_COMMENTS = YES;
				CLANG_WARN_EMPTY_BODY = YES;
				CLANG_WARN_ENUM_CONVERSION = YES;
				CLANG_WARN_INFINITE_RECURSION = YES;
				CLANG_WARN_INT_CONVERSION = YES;
				CLANG_WARN_NON_LITERAL_NULL_CONVERSION = YES;
				CLANG_WARN_OBJC_IMPLICIT_RETAIN_SELF = YES;
				CLANG_WARN_OBJC_LITERAL_CONVERSION = YES;
				CLANG_WARN_OBJC_ROOT_CLASS = YES_ERROR;
				CLANG_WARN_QUOTED_INCLUDE_IN_FRAMEWORK_HEADER = YES;
				CLANG_WARN_RANGE_LOOP_ANALYSIS = YES;
				CLANG_WARN_STRICT_PROTOTYPES = YES;
				CLANG_WARN_SUSPICIOUS_MOVE = YES;
				CLANG_WARN_UNGUARDED_AVAILABILITY = YES_AGGRESSIVE;
				CLANG_WARN_UNREACHABLE_CODE = YES;
				CLANG_WARN__DUPLICATE_METHOD_MATCH = YES;
				COPY_PHASE_STRIP = NO;
				DEBUG_INFORMATION_FORMAT = "dwarf-with-dsym";
				ENABLE_NS_ASSERTIONS = NO;
				ENABLE_STRICT_OBJC_MSGSEND = YES;
				GCC_C_LANGUAGE_STANDARD = gnu11;
				GCC_NO_COMMON_BLOCKS = YES;
				GCC_WARN_64_TO_32_BIT_CONVERSION = YES;
				GCC_WARN_ABOUT_RETURN_TYPE = YES_ERROR;
				GCC_WARN_UNDECLARED_SELECTOR = YES;
				GCC_WARN_UNINITIALIZED_AUTOS = YES_AGGRESSIVE;
				GCC_WARN_UNUSED_FUNCTION = YES;
				GCC_WARN_UNUSED_VARIABLE = YES;
				IPHONEOS_DEPLOYMENT_TARGET = 14.5;
				MTL_ENABLE_DEBUG_INFO = NO;
				MTL_FAST_MATH = YES;
				SDKROOT = iphoneos;
				SWIFT_COMPILATION_MODE = wholemodule;
				SWIFT_OPTIMIZATION_LEVEL = "-O";
				VALIDATE_PRODUCT = YES;
			};
			name = Release;
		};
		6FBF909326F6501500024DE6 /* Debug */ = {
			isa = XCBuildConfiguration;
			buildSettings = {
				ASSETCATALOG_COMPILER_APPICON_NAME = AppIcon;
				ASSETCATALOG_COMPILER_GLOBAL_ACCENT_COLOR_NAME = AccentColor;
				CODE_SIGN_STYLE = Automatic;
				DEVELOPMENT_ASSET_PATHS = "\"swiftUI-015-Landmarks/Preview Content\"";
				DEVELOPMENT_TEAM = K328B98U3F;
				ENABLE_PREVIEWS = YES;
				INFOPLIST_FILE = "swiftUI-015-Landmarks/Info.plist";
				IPHONEOS_DEPLOYMENT_TARGET = 14.0;
				LD_RUNPATH_SEARCH_PATHS = (
					"$(inherited)",
					"@executable_path/Frameworks",
				);
				PRODUCT_BUNDLE_IDENTIFIER = "com.luizcarlos.sa.swiftUI-015-Landmarks";
				PRODUCT_NAME = "$(TARGET_NAME)";
				SWIFT_VERSION = 5.0;
				TARGETED_DEVICE_FAMILY = "1,2";
			};
			name = Debug;
		};
		6FBF909426F6501500024DE6 /* Release */ = {
			isa = XCBuildConfiguration;
			buildSettings = {
				ASSETCATALOG_COMPILER_APPICON_NAME = AppIcon;
				ASSETCATALOG_COMPILER_GLOBAL_ACCENT_COLOR_NAME = AccentColor;
				CODE_SIGN_STYLE = Automatic;
				DEVELOPMENT_ASSET_PATHS = "\"swiftUI-015-Landmarks/Preview Content\"";
				DEVELOPMENT_TEAM = K328B98U3F;
				ENABLE_PREVIEWS = YES;
				INFOPLIST_FILE = "swiftUI-015-Landmarks/Info.plist";
				IPHONEOS_DEPLOYMENT_TARGET = 14.0;
				LD_RUNPATH_SEARCH_PATHS = (
					"$(inherited)",
					"@executable_path/Frameworks",
				);
				PRODUCT_BUNDLE_IDENTIFIER = "com.luizcarlos.sa.swiftUI-015-Landmarks";
				PRODUCT_NAME = "$(TARGET_NAME)";
				SWIFT_VERSION = 5.0;
				TARGETED_DEVICE_FAMILY = "1,2";
			};
			name = Release;
		};
/* End XCBuildConfiguration section */

/* Begin XCConfigurationList section */
		6FBF907E26F6501300024DE6 /* Build configuration list for PBXProject "swiftUI-015-Landmarks" */ = {
			isa = XCConfigurationList;
			buildConfigurations = (
				6FBF909026F6501500024DE6 /* Debug */,
				6FBF909126F6501500024DE6 /* Release */,
			);
			defaultConfigurationIsVisible = 0;
			defaultConfigurationName = Release;
		};
		6FBF909226F6501500024DE6 /* Build configuration list for PBXNativeTarget "swiftUI-015-Landmarks" */ = {
			isa = XCConfigurationList;
			buildConfigurations = (
				6FBF909326F6501500024DE6 /* Debug */,
				6FBF909426F6501500024DE6 /* Release */,
			);
			defaultConfigurationIsVisible = 0;
			defaultConfigurationName = Release;
		};
/* End XCConfigurationList section */
	};
	rootObject = 6FBF907B26F6501300024DE6 /* Project object */;
}
